{
    "_meta": {
        "hash": {
            "sha256": "3cedcb9667aa66452858d8a6fda393a33e3a48a6bd89d629d42a77ff49067fc8"
        },
        "pipfile-spec": 6,
        "requires": {
            "python_version": "3.8"
        },
        "sources": [
            {
                "name": "pypi",
                "url": "https://pypi.org/simple",
                "verify_ssl": true
            }
        ]
    },
    "default": {
        "attrdict": {
            "hashes": [
                "sha256:35c90698b55c683946091177177a9e9c0713a0860f0e049febd72649ccd77b70",
                "sha256:9432e3498c74ff7e1b20b3d93b45d766b71cbffa90923496f82c4ae38b92be34"
            ],
            "version": "==2.0.1"
        },
        "backports.zoneinfo": {
            "hashes": [
                "sha256:17746bd546106fa389c51dbea67c8b7c8f0d14b5526a579ca6ccf5ed72c526cf",
                "sha256:1b13e654a55cd45672cb54ed12148cd33628f672548f373963b0bff67b217328",
                "sha256:1c5742112073a563c81f786e77514969acb58649bcdf6cdf0b4ed31a348d4546",
                "sha256:4a0f800587060bf8880f954dbef70de6c11bbe59c673c3d818921f042f9954a6",
                "sha256:5c144945a7752ca544b4b78c8c41544cdfaf9786f25fe5ffb10e838e19a27570",
                "sha256:7b0a64cda4145548fed9efc10322770f929b944ce5cee6c0dfe0c87bf4c0c8c9",
                "sha256:8439c030a11780786a2002261569bdf362264f605dfa4d65090b64b05c9f79a7",
                "sha256:8961c0f32cd0336fb8e8ead11a1f8cd99ec07145ec2931122faaac1c8f7fd987",
                "sha256:89a48c0d158a3cc3f654da4c2de1ceba85263fafb861b98b59040a5086259722",
                "sha256:a76b38c52400b762e48131494ba26be363491ac4f9a04c1b7e92483d169f6582",
                "sha256:da6013fd84a690242c310d77ddb8441a559e9cb3d3d59ebac9aca1a57b2e18bc",
                "sha256:e55b384612d93be96506932a786bbcde5a2db7a9e6a4bb4bffe8b733f5b9036b",
                "sha256:e81b76cace8eda1fca50e345242ba977f9be6ae3945af8d46326d776b4cf78d1",
                "sha256:e8236383a20872c0cdf5a62b554b27538db7fa1bbec52429d8d106effbaeca08",
                "sha256:f04e857b59d9d1ccc39ce2da1021d196e47234873820cbeaad210724b1ee28ac",
                "sha256:fadbfe37f74051d024037f223b8e001611eac868b5c5b06144ef4d8b799862f2"
            ],
            "markers": "python_version >= '3.6' and python_version < '3.9'",
            "version": "==0.2.1"
        },
        "certifi": {
            "hashes": [
                "sha256:78884e7c1d4b00ce3cea67b44566851c4343c120abd683433ce934a68ea58872",
                "sha256:d62a0163eb4c2344ac042ab2bdf75399a71a2d8c7d47eac2e2ee91b9d6339569"
            ],
            "version": "==2021.10.8"
        },
        "charset-normalizer": {
            "hashes": [
                "sha256:e019de665e2bcf9c2b64e2e5aa025fa991da8720daa3c1138cadd2fd1856aed0",
                "sha256:f7af805c321bfa1ce6714c51f254e0d5bb5e5834039bc17db7ebe3a4cec9492b"
            ],
            "markers": "python_version >= '3'",
            "version": "==2.0.7"
        },
        "clickhouse-driver": {
            "hashes": [
                "sha256:06b9547d7da5f9126c49a49f80689fd35c90e47f6eabfc71f5cd56d83971e4d1",
                "sha256:15fe435392fb871b634b7a58dd221c34fe952fa15885a7f04c02cebaf90b84bb",
                "sha256:17f4f18a07e878b8da9a5a5fda05e14a787d79b78f30d4154785cac7c85b9378",
                "sha256:2242d4c4b1201f016ef17f5f006b0ea79ce8549def33db2c3381eafda706cbec",
                "sha256:28274fd0060c577859b1e88661c7a0fa690ff1656bac5fa0760a3a90fb0af2a8",
                "sha256:2bbba461a504b1e88719a6cc2b9865cd5885377fd9eb31be72cd86d77b83da1c",
                "sha256:2c01b396dd6393f68a367746d647775e92aa26125932f47e186dd5d6f0410a78",
                "sha256:397bf434d1e514949d089b1f0cc2829a5c108ba93c89ef99d020c5f62809bc2b",
                "sha256:3b49f64a61e7a322746e1a6bb65a9e57d8abf29fa1274a177fee81574de5feca",
                "sha256:489c1606b79b185f1ed8ed6210d0f0781ab51f2d1b6b9e5378b9372c28055e2f",
                "sha256:4a221e4f70e69c13bab23fa8277c30ce1659ca62b83decb4371aef83ec0c845c",
                "sha256:4cb7ec8f9e506466d6e30ec07416ebb4c4be84959946eb4c26ac8c3369dc045e",
                "sha256:5440e023e6fbcda2f56f2360c3b4683152e7d4c1c805ecbbd280186b2647be82",
                "sha256:56ec4ad0880072b990b3f55a1ea5b23439cf43908024b6330853ebb5edacc45d",
                "sha256:6058592b25160907f84ebebd45c6e7d8047e0b86b477d1c7e6fb344861cc03fd",
                "sha256:6309fa95482086126949c7ccf3f45f55976b41d0fd586d2c098dd2c86a1fda4f",
                "sha256:643883cc04df1d9e5eebc63f73df860722c905959dcc9b95f8bc30b417beaff6",
                "sha256:64643a2e65c5f1f96ed4b0fbf56af0b225e437d9a84551cec9fce49b3ed27ada",
                "sha256:671dada39a5c51e721ca0d546653c57d66e40e7c9835c06879042775abf624fc",
                "sha256:6770729416e7a79b161a752001d52f81c2ccbf080b244a0cb86fd4e33c141b5e",
                "sha256:6c7cc232a7ba8fef01b04f37c2548e9ac56f297925ab56125816e2355c24b9d0",
                "sha256:7c0fb49bb5af47816322c66d7929d3a8b4561d5ed79aeabc779da490bb8073e0",
                "sha256:82e30654b58ce7aa06ab11ba0ce70ce99a9617ddf82c6a2c77088423b018efd9",
                "sha256:831b3c1084b1f5283bd7ac6b7b6bd9ebc898e0c7821fed830f68206ac7c5681a",
                "sha256:86a744aeea30c7251110e4b7d6e9103000274f74794feed14017e501081f0f75",
                "sha256:8a5b00482cddb99629e9fb60bf0b9017fb61d578fd4a551bc677079ef7fa04b9",
                "sha256:8a79355b930258f2d730aad11682f42e9fc6791da5c9c43958c6bd575cb42b51",
                "sha256:9487800152d9cb8412639f88a3d70c11e086d420b0f72c28541e391d24f12ecf",
                "sha256:9c950170c459659924a7ddade52c9312863d707b5c61ae915b323a0902e7ba43",
                "sha256:aaf06448710d07767a56cddaaf29f4b068badad601a21d2a729cd13caa8690f0",
                "sha256:b015664786376421c08e4e9a02c4976784e858be191c0adda24fb4ae6e15f9ee",
                "sha256:b1657a3d5acb0a283a6af85ba799691a8344f9186dc8ed3ae9c84269eaed3bd3",
                "sha256:b6f4477a87853a4f063af941dd7052a2514dfaf0d4e9ada86c9c73320b9708e6",
                "sha256:bf6bfa7b1019af22eb2e393bae6834da09526c7e068438dfe824a6ae5ba615ff",
                "sha256:c4bc35e74270cb97442d87b6d607d82487f57679a0fe1f28762a735dd8235756",
                "sha256:ce040a64f3d18927950588968bba89f0be67f5a4cc936b12c85700089d211681",
                "sha256:cea99c3a508ecc87cf26c7b615e23b76d9be6ee0a34018efa028107904409c6f",
                "sha256:d16cfae6d3085854ebdef47a7920ce2ef839bde44c60a64d7963a8c9834d7440",
                "sha256:d47427c8df42065daba310710dbfe35b05ab03a62276146836a6bf8feec64719",
                "sha256:d6548baf0ddca4084cde97e9439b75a2194fc2a383f4002014520b837b19913c",
                "sha256:e0574a1f08d94b1b5a6c9e508e98df6ce646541f5743e05f9a88540bc55e9a26",
                "sha256:e685b109c549d6a23c77816520d39e4183936b9a7a39d42ebc06cf64df87900b",
                "sha256:e944f11926db7a9d3c7f8a1d3d9f96b1e6939e5d81b61f8a8b24e647bf2170f7",
                "sha256:e9bc9258fea1e5d5d8ab4c8d9f52c37cf5d6ed3e1f82d17833d052a9c7d68ed8",
                "sha256:eece04cadf0bf19a063869c39456c5eb4ed14ec19b4fed089615a0aff38c3e73",
                "sha256:ef794cff7fff0123525865c5b4fb4c1a0d78bbae54c4edeb553c24d42d01bcae",
                "sha256:f3795955d200e0f7a12e8f6641dd488c773004af827895a2a870af3dcb9d2f23",
                "sha256:f932731fe1a184848f36fabf68d68b26ca5371c7b9d0cbed9b74bc09b6350fed",
                "sha256:fbc771bc3b27fab872a302b8d174b933dc9a2bd9ab6bdd2a89bf18de6f7e9445"
            ],
            "index": "pypi",
            "version": "==0.2.2"
        },
        "cytoolz": {
            "hashes": [
                "sha256:6cba0572e3ad187e0ea0ddd20bb9c6aad794c23d997ed2b2aa2bbd109fe61f9f",
                "sha256:b61f23e9fa7cd5a87a503ab659f816858e2235926cd95b0c7e37403530d4a2d6",
                "sha256:140eaadcd86216d4a185db3a37396ee80dd2edc6e490ba37a3d7c1b17a124078",
                "sha256:596a40ce920dd6cdab42d3dec5a4e8bb0bf258bb79426a4ed7658a27c214941b",
                "sha256:477f71b8b2c6fdd97aa3a421ba0cfd04b22ffed1b22dda3fea06db2756ee7097",
                "sha256:c50051c02b23823209d6b0e8f7b2b37371312da50ca78165871dc6fed7bd37df",
                "sha256:a6e95de2fe891075f71edb0a56701eeaae04d43f44470c24d45e89f1ea801e85",
                "sha256:b4a3eb96eda360b14fa6c7d2ce6faf684319c051f9ea620b009cb28a2878ed32",
                "sha256:f85a8e164ebbe75e77a9c8a0b91bd2a3ceb5beeb0f1c180affe75318a41df98c",
                "sha256:c183237f4f0bac53238588e3567c0287130dd9ed6b6b880579a5cca960a89f54",
                "sha256:84519cf4f63308b0ce39162b7a341367338953cd9fbf7edd335cbc44dcd321e9",
                "sha256:c64f3590c3eb40e1548f0d3c6b2ccde70493d0b8dc6cc7f9f3fec0bb3dcd4222",
                "sha256:c7ed490f7f5c069a5082b73803ff4595f12ed0eb6b52ffa5ffe15d532acb71ed",
                "sha256:2f9963114029e78ddb626140cbb15b79ad0fd1563484b73fb29403a3d5bf3ed4",
                "sha256:5692a100d657f9bc2fede44ff41649c0c577f251bc0bd06c699c177235a0f81c",
                "sha256:3159da30eaf214746215293fdba19b6b54af59b3b2ba979eb9e184c6c7a854d2",
                "sha256:fb1b6bb4dee54fe62306d7330639f57a0dbb612520516b97b1c9dea5bc506634",
                "sha256:c65635ad93bac9002e36d42603bd87514e8ea932910158054b409ceee05ff4fe",
                "sha256:d0fdf0186201f882274db95fc5644ef34bfb0593d9db23b7343b0e6c8c000a0a",
                "sha256:8893b54f8d8d1bbc5a22dc4989d9b3eb269dd5ee1247993158e1f9ae0fbb9c88",
                "sha256:e2e7cbfec2681e8acfd0013e9581905f251455d411457a6f475ba1870d1685fc"
            ],
            "markers": "implementation_name == 'cpython' and implementation_name == 'cpython'",
            "version": "==0.11.0"
        },
        "eth-abi": {
            "hashes": [
                "sha256:04e64f739c6f6cb6aded3e7c8924cc49ffbb088ac53ad1786765747853f167b1",
                "sha256:2a898568fd85b8f162b89890695f7e08d7a53dec70ecdb6bea20c544241d8621"
            ],
            "version": "==1.3.0"
        },
        "eth-account": {
            "hashes": [
                "sha256:3b5b1735db5736c9bb59786256edb0e18ea912f0a3d835611abb0266aa71c0d1",
                "sha256:63d782e7d0db455d13b5d6f18df790895072fde49ed00f1c176ae11dfa87251b"
            ],
            "version": "==0.3.0"
        },
        "eth-hash": {
            "extras": [
                "pycryptodome"
            ],
            "hashes": [
                "sha256:3f40cecd5ead88184aa9550afc19d057f103728108c5102f592f8415949b5a76",
                "sha256:de7385148a8e0237ba1240cddbc06d53f56731140f8593bdb8429306f6b42271"
            ],
            "markers": "python_version >= '3.5' and python_version < '4'",
            "version": "==0.3.2"
        },
        "eth-keyfile": {
            "hashes": [
                "sha256:70d734af17efdf929a90bb95375f43522be4ed80c3b9e0a8bca575fb11cd1159",
                "sha256:939540efb503380bc30d926833e6a12b22c6750de80feef3720d79e5a79de47d"
            ],
            "version": "==0.5.1"
        },
        "eth-keys": {
            "hashes": [
                "sha256:d1cdcd6b2118edf5dcd112ba6efc4b187b028c5c7d6af6ca04d90b7af94a1c58",
                "sha256:e15a0140852552ec3eb07e9731e23d390aea4bae892022279af42ce32e9c2620"
            ],
            "version": "==0.2.4"
        },
        "eth-rlp": {
            "hashes": [
                "sha256:cc389ef8d7b6f76a98f90bcdbff1b8684b3a78f53d47e871191b50d4d6aee5a1",
                "sha256:f016f980b0ed42ee7650ba6e4e4d3c4e9aa06d8b9c6825a36d3afe5aa0187a8b"
            ],
            "markers": "python_version >= '3.6' and python_version < '4'",
            "version": "==0.2.1"
        },
        "eth-typing": {
            "hashes": [
                "sha256:1140c7592321dbf10d6663c46f7e43eb0e6410b011b03f14b3df3eb1f76aa9bb",
                "sha256:97ba0f83da7cf1d3668f6ed54983f21168076c552762bf5e06d4a20921877f3f"
            ],
            "markers": "python_version >= '3.5' and python_version < '4'",
            "version": "==2.2.2"
        },
        "eth-utils": {
            "hashes": [
                "sha256:74240a8c6f652d085ed3c85f5f1654203d2f10ff9062f83b3bad0a12ff321c7a",
                "sha256:bf82762a46978714190b0370265a7148c954d3f0adaa31c6f085ea375e4c61af"
            ],
            "markers": "python_version >= '3.5' and python_version < '4' and python_full_version != '3.5.2'",
            "version": "==1.10.0"
        },
        "fire": {
            "hashes": [
                "sha256:c5e2b8763699d1142393a46d0e3e790c5eb2f0706082df8f647878842c216a62"
            ],
            "index": "pypi",
            "version": "==.0.4.0"
        },
        "hexbytes": {
            "hashes": [
                "sha256:a5881304d186e87578fb263a85317c808cf130e1d4b3d37d30142ab0f7898d03",
                "sha256:ef53c37ea9f316fff86fcb1df057b4c6ba454da348083e972031bbf7bc9c3acc"
            ],
            "markers": "python_version >= '3.6' and python_version < '4'",
            "version": "==0.2.2"
        },
        "idna": {
            "hashes": [
                "sha256:84d9dd047ffa80596e0f246e2eab0b391788b0503584e8945f2368256d2735ff",
                "sha256:9d643ff0a55b762d5cdb124b8eaa99c66322e2157b69160bc32796e824360e6d"
            ],
            "markers": "python_version >= '3'",
            "version": "==3.3"
        },
        "lru-dict": {
            "hashes": [
                "sha256:45b81f67d75341d4433abade799a47e9c42a9e22a118531dcb5e549864032d7c"
            ],
            "version": "==1.1.7"
        },
        "parsimonious": {
            "hashes": [
                "sha256:3add338892d580e0cb3b1a39e4a1b427ff9f687858fdd61097053742391a9f6b"
            ],
            "version": "==0.8.1"
        },
        "pycryptodome": {
            "hashes": [
                "sha256:014c758af7fa38cab85b357a496b76f4fc9dda1f731eb28358d66fef7ad4a3e1",
                "sha256:06162fcfed2f9deee8383fd59eaeabc7b7ffc3af50d3fad4000032deb8f700b0",
                "sha256:0ca7a6b4fc1f9fafe990b95c8cda89099797e2cfbf40e55607f2f2f5a3355dcb",
                "sha256:2a4bcc8a9977fee0979079cd33a9e9f0d3ddba5660d35ffe874cf84f1dd399d2",
                "sha256:3c7ed5b07274535979c730daf5817db5e983ea80b04c22579eee8da4ca3ae4f8",
                "sha256:4169ed515742425ff21e4bd3fabbb6994ffb64434472fb72230019bdfa36b939",
                "sha256:428096bbf7a77e207f418dfd4d7c284df8ade81d2dc80f010e92753a3e406ad0",
                "sha256:4ce6b09547bf2c7cede3a017f79502eaed3e819c13cdb3cb357aea1b004e4cc6",
                "sha256:53989477044be41fa4a63da09d5038c2a34b2f4554cfea2e3933b17186ee9e19",
                "sha256:621a90147a5e255fdc2a0fec2d56626b76b5d72ea9e60164c9a5a8976d45b0c9",
                "sha256:6db1f9fa1f52226621905f004278ce7bd90c8f5363ffd5d7ab3755363d98549a",
                "sha256:6eda8a3157c91ba60b26a07bedd6c44ab8bda6cd79b6b5ea9744ba62c39b7b1e",
                "sha256:75e78360d1dd6d02eb288fd8275bb4d147d6e3f5337935c096d11dba1fa84748",
                "sha256:7ff701fc283412e651eaab4319b3cd4eaa0827e94569cd37ee9075d5c05fe655",
                "sha256:8f3a60926be78422e662b0d0b18351b426ce27657101c8a50bad80300de6a701",
                "sha256:a843350d08c3d22f6c09c2f17f020d8dcfa59496165d7425a3fba0045543dda7",
                "sha256:ae29fcd56152f417bfba50a36a56a7a5f9fb74ff80bab98704cac704de6568ab",
                "sha256:ae31cb874f6f0cedbed457c6374e7e54d7ed45c1a4e11a65a9c80968da90a650",
                "sha256:b33c9b3d1327d821e28e9cc3a6512c14f8b17570ddb4cfb9a52247ed0fcc5d8b",
                "sha256:b59bf823cfafde8ef1105d8984f26d1694dff165adb7198b12e3e068d7999b15",
                "sha256:bc3c61ff92efdcc14af4a7b81da71d849c9acee51d8fd8ac9841a7620140d6c6",
                "sha256:ce81b9c6aaa0f920e2ab05eb2b9f4ccd102e3016b2f37125593b16a83a4b0cc2",
                "sha256:d7e5f6f692421e5219aa3b545eb0cffd832cd589a4b9dcd4a5eb4260e2c0d68a",
                "sha256:da796e9221dda61a0019d01742337eb8a322de8598b678a4344ca0a436380315",
                "sha256:ead516e03dfe062aefeafe4a29445a6449b0fc43bc8cb30194b2754917a63798",
                "sha256:ed45ef92d21db33685b789de2c015e9d9a18a74760a8df1fc152faee88cdf741",
                "sha256:f19edd42368e9057c39492947bb99570dc927123e210008f2af7cf9b505c6892",
                "sha256:f9bad2220b80b4ed74f089db012ab5ab5419143a33fad6c8aedcc2a9341eac70",
                "sha256:fce7e22d96030b35345637c563246c24d4513bd3b413e1c40293114837ab8912",
                "sha256:ffd0cac13ff41f2d15ed39dc6ba1d2ad88dd2905d656c33d8235852f5d6151fd"
            ],
            "version": "==3.11.0"
        },
        "pytz": {
            "hashes": [
                "sha256:3672058bc3453457b622aab7a1c3bfd5ab0bdae451512f6cf25f64ed37f5b87c",
                "sha256:acad2d8b20a1af07d4e4c9d2e9285c5ed9104354062f275f3fcd88dcef4f1326"
            ],
            "version": "==2021.3"
        },
        "pytz-deprecation-shim": {
            "hashes": [
                "sha256:8314c9692a636c8eb3bda879b9f119e350e93223ae83e70e80c31675a0fdc1a6",
                "sha256:af097bae1b616dde5c5744441e2ddc69e74dfdcb0c263129610d85b87445a59d"
            ],
            "markers": "python_version >= '2.7' and python_version not in '3.0, 3.1, 3.2, 3.3, 3.4, 3.5'",
            "version": "==0.1.0.post0"
        },
        "requests": {
            "hashes": [
                "sha256:6c1246513ecd5ecd4528a0906f910e8f0f9c6b8ec72030dc9fd154dc1a6efd24",
                "sha256:b8aa58f8cf793ffd8782d3d8cb19e66ef36f7aba4353eec859e74678b01b07a7"
            ],
            "markers": "python_version >= '2.7' and python_version not in '3.0, 3.1, 3.2, 3.3, 3.4, 3.5'",
            "version": "==2.26.0"
        },
        "rlp": {
            "hashes": [
                "sha256:52a57c9f53f03c88b189283734b397314288250cc4a3c4113e9e36e2ac6bdd16",
                "sha256:665e8312750b3fc5f7002e656d05b9dcb6e93b6063df40d95c49ad90c19d1f0e"
            ],
            "version": "==2.0.1"
        },
        "six": {
            "hashes": [
                "sha256:1e61c37477a1626458e36f7b1d82aa5c9b094fa4802892072e49de9c60c4c926",
                "sha256:8abb2f1d86890a2dfb989f9a77cfcfd3e47c2a354b01111771326f8aa26e0254"
            ],
            "markers": "python_version >= '2.7' and python_version not in '3.0, 3.1, 3.2, 3.3'",
            "version": "==1.16.0"
        },
        "termcolor": {
            "hashes": [
                "sha256:1d6d69ce66211143803fbc56652b41d73b4a400a2891d7bf7a1cdf4c02de613b"
            ],
            "version": "==1.1.0"
        },
        "toolz": {
            "hashes": [
                "sha256:1bc473acbf1a1db4e72a1ce587be347450e8f08324908b8a266b486f408f04d5",
                "sha256:c7a47921f07822fe534fb1c01c9931ab335a4390c782bd28c6bcc7c2f71f3fbf"
            ],
            "markers": "python_version >= '3.5'",
            "version": "==0.11.1"
        },
        "tzdata": {
            "hashes": [
                "sha256:3eee491e22ebfe1e5cfcc97a4137cd70f092ce59144d81f8924a844de05ba8f5",
                "sha256:68dbe41afd01b867894bbdfd54fa03f468cfa4f0086bfb4adcd8de8f24f3ee21"
            ],
            "markers": "python_version >= '3.6'",
            "version": "==2021.5"
        },
        "tzlocal": {
            "hashes": [
                "sha256:0f28015ac68a5c067210400a9197fc5d36ba9bc3f8eaf1da3cbd59acdfed9e09",
                "sha256:28ba8d9fcb6c9a782d6e0078b4f6627af1ea26aeaa32b4eab5324abc7df4149f"
            ],
            "markers": "python_version >= '3.6'",
            "version": "==4.1"
        },
        "urllib3": {
            "hashes": [
                "sha256:4987c65554f7a2dbf30c18fd48778ef124af6fab771a377103da0585e2336ece",
                "sha256:c4fdf4019605b6e5423637e01bc9fe4daef873709a7973e195ceba0a62bbc844"
            ],
            "markers": "python_version >= '2.7' and python_version not in '3.0, 3.1, 3.2, 3.3, 3.4' and python_version < '4'",
            "version": "==1.26.7"
        },
        "web3": {
            "hashes": [
                "sha256:1800c42c3492a6ebc72f9ad4d6dadfad5ac952564a3f0e1ec05d308a3d52aac7",
                "sha256:27058c6e07f7a3153d1355f7e7406c46c8cc0d5c7b6fdcea84f6f3c9cf7c4364"
            ],
            "index": "pypi",
            "version": "==4.9.2"
        },
        "websockets": {
            "hashes": [
                "sha256:0e2f7d6567838369af074f0ef4d0b802d19fa1fee135d864acc656ceefa33136",
                "sha256:2a16dac282b2fdae75178d0ed3d5b9bc3258dabfae50196cbb30578d84b6f6a6",
                "sha256:5a1fa6072405648cb5b3688e9ed3b94be683ce4a4e5723e6f5d34859dee495c1",
                "sha256:5c1f55a1274df9d6a37553fef8cff2958515438c58920897675c9bc70f5a0538",
                "sha256:669d1e46f165e0ad152ed8197f7edead22854a6c90419f544e0f234cc9dac6c4",
                "sha256:695e34c4dbea18d09ab2c258994a8bf6a09564e762655408241f6a14592d2908",
                "sha256:6b2e03d69afa8d20253455e67b64de1a82ff8612db105113cccec35d3f8429f0",
                "sha256:79ca7cdda7ad4e3663ea3c43bfa8637fc5d5604c7737f19a8964781abbd1148d",
                "sha256:7fd2dd9a856f72e6ed06f82facfce01d119b88457cd4b47b7ae501e8e11eba9c",
                "sha256:82c0354ac39379d836719a77ee360ef865377aa6fdead87909d50248d0f05f4d",
                "sha256:8f3b956d11c5b301206382726210dc1d3bee1a9ccf7aadf895aaf31f71c3716c",
                "sha256:91ec98640220ae05b34b79ee88abf27f97ef7c61cf525eec57ea8fcea9f7dddb",
                "sha256:952be9540d83dba815569d5cb5f31708801e0bbfc3a8c5aef1890b57ed7e58bf",
                "sha256:99ac266af38ba1b1fe13975aea01ac0e14bb5f3a3200d2c69f05385768b8568e",
                "sha256:9fa122e7adb24232247f8a89f2d9070bf64b7869daf93ac5e19546b409e47e96",
                "sha256:a0873eadc4b8ca93e2e848d490809e0123eea154aa44ecd0109c4d0171869584",
                "sha256:cb998bd4d93af46b8b49ecf5a72c0a98e5cc6d57fdca6527ba78ad89d6606484",
                "sha256:e02e57346f6a68523e3c43bbdf35dde5c440318d1f827208ae455f6a2ace446d",
                "sha256:e79a5a896bcee7fff24a788d72e5c69f13e61369d055f28113e71945a7eb1559",
                "sha256:ee55eb6bcf23ecc975e6b47c127c201b913598f38b6a300075f84eeef2d3baff",
                "sha256:f1414e6cbcea8d22843e7eafdfdfae3dd1aba41d1945f6ca66e4806c07c4f454"
            ],
            "markers": "python_version >= '3.4'",
            "version": "==6.0"
        }
    },
    "develop": {
        "astroid": {
            "hashes": [
                "sha256:0755c998e7117078dcb7d0bda621391dd2a85da48052d948c7411ab187325346",
                "sha256:1e83a69fd51b013ebf5912d26b9338d6643a55fec2f20c787792680610eed4a2"
            ],
            "markers": "python_version ~= '3.6'",
            "version": "==2.8.4"
        },
        "attrs": {
            "hashes": [
                "sha256:149e90d6d8ac20db7a955ad60cf0e6881a3f20d37096140088356da6c716b0b1",
                "sha256:ef6aaac3ca6cd92904cdd0d83f629a15f18053ec84e6432106f7a4d04ae4f5fb"
            ],
            "markers": "python_version >= '2.7' and python_version not in '3.0, 3.1, 3.2, 3.3, 3.4'",
            "version": "==21.2.0"
        },
        "iniconfig": {
            "hashes": [
                "sha256:011e24c64b7f47f6ebd835bb12a743f2fbe9a26d4cecaa7f53bc4f35ee9da8b3",
                "sha256:bc3af051d7d14b2ee5ef9969666def0cd1a000e121eaea580d4a313df4b37f32"
            ],
            "version": "==1.1.1"
        },
        "isort": {
            "hashes": [
                "sha256:9c2ea1e62d871267b78307fe511c0838ba0da28698c5732d54e2790bf3ba9899",
                "sha256:e17d6e2b81095c9db0a03a8025a957f334d6ea30b26f9ec70805411e5c7c81f2"
            ],
            "markers": "python_version < '4.0' and python_full_version >= '3.6.1'",
            "version": "==5.9.3"
        },
        "lazy-object-proxy": {
            "hashes": [
                "sha256:17e0967ba374fc24141738c69736da90e94419338fd4c7c7bef01ee26b339653",
                "sha256:1fee665d2638491f4d6e55bd483e15ef21f6c8c2095f235fef72601021e64f61",
                "sha256:22ddd618cefe54305df49e4c069fa65715be4ad0e78e8d252a33debf00f6ede2",
                "sha256:24a5045889cc2729033b3e604d496c2b6f588c754f7a62027ad4437a7ecc4837",
                "sha256:410283732af311b51b837894fa2f24f2c0039aa7f220135192b38fcc42bd43d3",
                "sha256:4732c765372bd78a2d6b2150a6e99d00a78ec963375f236979c0626b97ed8e43",
                "sha256:489000d368377571c6f982fba6497f2aa13c6d1facc40660963da62f5c379726",
                "sha256:4f60460e9f1eb632584c9685bccea152f4ac2130e299784dbaf9fae9f49891b3",
                "sha256:5743a5ab42ae40caa8421b320ebf3a998f89c85cdc8376d6b2e00bd12bd1b587",
                "sha256:85fb7608121fd5621cc4377a8961d0b32ccf84a7285b4f1d21988b2eae2868e8",
                "sha256:9698110e36e2df951c7c36b6729e96429c9c32b3331989ef19976592c5f3c77a",
                "sha256:9d397bf41caad3f489e10774667310d73cb9c4258e9aed94b9ec734b34b495fd",
                "sha256:b579f8acbf2bdd9ea200b1d5dea36abd93cabf56cf626ab9c744a432e15c815f",
                "sha256:b865b01a2e7f96db0c5d12cfea590f98d8c5ba64ad222300d93ce6ff9138bcad",
                "sha256:bf34e368e8dd976423396555078def5cfc3039ebc6fc06d1ae2c5a65eebbcde4",
                "sha256:c6938967f8528b3668622a9ed3b31d145fab161a32f5891ea7b84f6b790be05b",
                "sha256:d1c2676e3d840852a2de7c7d5d76407c772927addff8d742b9808fe0afccebdf",
                "sha256:d7124f52f3bd259f510651450e18e0fd081ed82f3c08541dffc7b94b883aa981",
                "sha256:d900d949b707778696fdf01036f58c9876a0d8bfe116e8d220cfd4b15f14e741",
                "sha256:ebfd274dcd5133e0afae738e6d9da4323c3eb021b3e13052d8cbd0e457b1256e",
                "sha256:ed361bb83436f117f9917d282a456f9e5009ea12fd6de8742d1a4752c3017e93",
                "sha256:f5144c75445ae3ca2057faac03fda5a902eff196702b0a24daf1d6ce0650514b"
            ],
            "markers": "python_version >= '2.7' and python_version not in '3.0, 3.1, 3.2, 3.3, 3.4, 3.5'",
            "version": "==1.6.0"
        },
        "mccabe": {
            "hashes": [
                "sha256:ab8a6258860da4b6677da4bd2fe5dc2c659cff31b3ee4f7f5d64e79735b80d42",
                "sha256:dd8d182285a0fe56bace7f45b5e7d1a6ebcbf524e8f3bd87eb0f125271b8831f"
            ],
            "version": "==0.6.1"
        },
        "packaging": {
            "hashes": [
                "sha256:096d689d78ca690e4cd8a89568ba06d07ca097e3306a4381635073ca91479966",
                "sha256:14317396d1e8cdb122989b916fa2c7e9ca8e2be9e8060a6eff75b6b7b4d8a7e0"
            ],
            "markers": "python_version >= '3.6'",
            "version": "==21.2"
        },
        "platformdirs": {
            "hashes": [
                "sha256:367a5e80b3d04d2428ffa76d33f124cf11e8fff2acdaa9b43d545f5c7d661ef2",
                "sha256:8868bbe3c3c80d42f20156f22e7131d2fb321f5bc86a2a345375c6481a67021d"
            ],
            "markers": "python_version >= '3.6'",
            "version": "==2.4.0"
        },
        "pluggy": {
            "hashes": [
                "sha256:4224373bacce55f955a878bf9cfa763c1e360858e330072059e10bad68531159",
                "sha256:74134bbf457f031a36d68416e1509f34bd5ccc019f0bcc952c7b909d06b37bd3"
            ],
            "markers": "python_version >= '3.6'",
            "version": "==1.0.0"
        },
        "py": {
            "hashes": [
                "sha256:21b81bda15b66ef5e1a777a21c4dcd9c20ad3efd0b3f817e7a809035269e1bd3",
                "sha256:3b80836aa6d1feeaa108e046da6423ab8f6ceda6468545ae8d02d9d58d18818a"
            ],
            "markers": "python_version >= '2.7' and python_version not in '3.0, 3.1, 3.2, 3.3'",
            "version": "==1.10.0"
        },
        "pylint": {
            "hashes": [
                "sha256:0f358e221c45cbd4dad2a1e4b883e75d28acdcccd29d40c76eb72b307269b126",
                "sha256:2c9843fff1a88ca0ad98a256806c82c5a8f86086e7ccbdb93297d86c3f90c436"
            ],
            "index": "pypi",
            "version": "==2.11.1"
        },
        "pyparsing": {
            "hashes": [
                "sha256:c203ec8783bf771a155b207279b9bccb8dea02d8f0c9e5f8ead507bc3246ecc1",
                "sha256:ef9d7589ef3c200abe66653d3f1ab1033c3c419ae9b9bdb1240a85b024efc88b"
            ],
            "markers": "python_version >= '2.6' and python_version not in '3.0, 3.1, 3.2, 3.3'",
            "version": "==2.4.7"
        },
        "pytest": {
            "hashes": [
                "sha256:131b36680866a76e6781d13f101efb86cf674ebb9762eb70d3082b6f29889e89",
                "sha256:7310f8d27bc79ced999e760ca304d69f6ba6c6649c0b60fb0e04a4a77cacc134"
            ],
            "index": "pypi",
            "version": "==6.2.5"
        },
        "pytest-pylint": {
            "hashes": [
                "sha256:790c7a8019fab08e59bd3812db1657a01995a975af8b1c6ce95b9aa39d61da27",
                "sha256:b63aaf8b80ff33c8ceaa7f68323ed04102c7790093ccf6bdb261a4c2dc6fd564"
            ],
            "index": "pypi",
            "version": "==0.18.0"
        },
        "toml": {
            "hashes": [
                "sha256:806143ae5bfb6a3c6e736a764057db0e6a0e05e338b5630894a5f779cabb4f9b",
                "sha256:b3bda1d108d5dd99f4a20d24d9c348e91c4db7ab1b749200bded2f839ccbe68f"
            ],
            "markers": "python_version >= '2.6' and python_version not in '3.0, 3.1, 3.2, 3.3'",
            "version": "==0.10.2"
        },
        "typing-extensions": {
            "hashes": [
                "sha256:49f75d16ff11f1cd258e1b988ccff82a3ca5570217d7ad8c5f48205dd99a677e",
                "sha256:d8226d10bc02a29bcc81df19a26e56a9647f8b0a6d4a83924139f4a8b01f17b7",
                "sha256:f1d25edafde516b146ecd0613dabcc61409817af4766fbbcfb8d1ad4ec441a34"
            ],
            "markers": "python_version < '3.10'",
            "version": "==3.10.0.2"
        },
        "wrapt": {
            "hashes": [
                "sha256:0473d1558b93e314e84313cc611f6c86be779369f9d3734302bf185a4d2625b1",
                "sha256:0582180566e7a13030f896c2f1ac6a56134ab5f3c3f4c5538086f758b1caf3f2",
                "sha256:15eee0e6fd07f48af2f66d0e6f2ff1916ffe9732d464d5e2390695296872cad9",
                "sha256:1c5c4cf188b5643a97e87e2110bbd4f5bc491d54a5b90633837b34d5df6a03fe",
                "sha256:1eb657ed84f4d3e6ad648483c8a80a0cf0a78922ef94caa87d327e2e1ad49b48",
                "sha256:22142afab65daffc95863d78effcbd31c19a8003eca73de59f321ee77f73cadb",
                "sha256:283e402e5357e104ac1e3fba5791220648e9af6fb14ad7d9cc059091af2b31d2",
                "sha256:3de7b4d3066cc610054e7aa2c005645e308df2f92be730aae3a47d42e910566a",
                "sha256:3e0d16eedc242d01a6f8cf0623e9cdc3b869329da3f97a15961d8864111d8cf0",
                "sha256:3e33c138d1e3620b1e0cc6fd21e46c266393ed5dae0d595b7ed5a6b73ed57aa0",
                "sha256:3f87042623530bcffea038f824b63084180513c21e2e977291a9a7e65a66f13b",
                "sha256:53c6706a1bcfb6436f1625511b95b812798a6d2ccc51359cd791e33722b5ea32",
                "sha256:593cb049ce1c391e0288523b30426c4430b26e74c7e6f6e2844bd99ac7ecc831",
                "sha256:6e6d1a8eeef415d7fb29fe017de0e48f45e45efd2d1bfda28fc50b7b330859ef",
                "sha256:724ed2bc9c91a2b9026e5adce310fa60c6e7c8760b03391445730b9789b9d108",
                "sha256:728e2d9b7a99dd955d3426f237b940fc74017c4a39b125fec913f575619ddfe9",
                "sha256:7574de567dcd4858a2ffdf403088d6df8738b0e1eabea220553abf7c9048f59e",
                "sha256:8164069f775c698d15582bf6320a4f308c50d048c1c10cf7d7a341feaccf5df7",
                "sha256:81a4cf257263b299263472d669692785f9c647e7dca01c18286b8f116dbf6b38",
                "sha256:82223f72eba6f63eafca87a0f614495ae5aa0126fe54947e2b8c023969e9f2d7",
                "sha256:8318088860968c07e741537030b1abdd8908ee2c71fbe4facdaade624a09e006",
                "sha256:83f2793ec6f3ef513ad8d5b9586f5ee6081cad132e6eae2ecb7eac1cc3decae0",
                "sha256:87ee3c73bdfb4367b26c57259995935501829f00c7b3eed373e2ad19ec21e4e4",
                "sha256:8860c8011a6961a651b1b9f46fdbc589ab63b0a50d645f7d92659618a3655867",
                "sha256:9adee1891253670575028279de8365c3a02d3489a74a66d774c321472939a0b1",
                "sha256:a0cdedf681db878416c05e1831ec69691b0e6577ac7dca9d4f815632e3549580",
                "sha256:a70d876c9aba12d3bd7f8f1b05b419322c6789beb717044eea2c8690d35cb91b",
                "sha256:ada5e29e59e2feb710589ca1c79fd989b1dd94d27079dc1d199ec954a6ecc724",
                "sha256:af9480de8e63c5f959a092047aaf3d7077422ded84695b3398f5d49254af3e90",
                "sha256:b20703356cae1799080d0ad15085dc3213c1ac3f45e95afb9f12769b98231528",
                "sha256:bc85d17d90201afd88e3d25421da805e4e135012b5d1f149e4de2981394b2a52",
                "sha256:bff0a59387a0a2951cb869251257b6553663329a1b5525b5226cab8c88dcbe7e",
                "sha256:c65e623ea7556e39c4f0818200a046cbba7575a6b570ff36122c276fdd30ab0a",
                "sha256:c6ee5f8734820c21b9b8bf705e99faba87f21566d20626568eeb0d62cbeaf23c",
                "sha256:c7ac2c7a8e34bd06710605b21dd1f3576764443d68e069d2afba9b116014d072",
                "sha256:ccb34ce599cab7f36a4c90318697ead18312c67a9a76327b3f4f902af8f68ea1",
                "sha256:d0d717e10f952df7ea41200c507cc7e24458f4c45b56c36ad418d2e79dacd1d4",
                "sha256:d90520616fce71c05dedeac3a0fe9991605f0acacd276e5f821842e454485a70",
                "sha256:dca56cc5963a5fd7c2aa8607017753f534ee514e09103a6c55d2db70b50e7447",
                "sha256:df3eae297a5f1594d1feb790338120f717dac1fa7d6feed7b411f87e0f2401c7",
                "sha256:e634136f700a21e1fcead0c137f433dde928979538c14907640607d43537d468",
                "sha256:fbad5ba74c46517e6488149514b2e2348d40df88cd6b52a83855b7a8bf04723f",
                "sha256:fbe6aebc9559fed7ea27de51c2bf5c25ba2a4156cf0017556f72883f2496ee9a",
                "sha256:fdede980273aeca591ad354608778365a3a310e0ecdd7a3587b38bc5be9b1808"
            ],
            "markers": "python_version >= '2.7' and python_version not in '3.0, 3.1, 3.2, 3.3, 3.4'",
            "version": "==1.13.2"
        }
    }
}